github.com/cluark/circlecitestprivate v0.0.0-20190426133807-362ca54ede0e/go.mod h1:DBi8ofb3o+I1e0kHnju/e1VrwqxPUuQTHOC/A+b3WqI=
github.com/cluark/circlecitestprivate v0.0.0-20190426162041-46dbc1e125b1 h1:QlSiOywaFraKKAghodcSw4OUKW4nBE/mK8Yc2NnTy4c=
github.com/cluark/circlecitestprivate v0.0.0-20190426162041-46dbc1e125b1/go.mod h1:DBi8ofb3o+I1e0kHnju/e1VrwqxPUuQTHOC/A+b3WqI=
